// !$*UTF8*$!
{
	archiveVersion = 1;
	classes = {
	};
	objectVersion = 42;
	objects = {

/* Begin PBXBuildFile section */
		1A758F920EB10643004D6FE0 /* TaskProgressInfo.m in Sources */ = {isa = PBXBuildFile; fileRef = 1A758F910EB10643004D6FE0 /* TaskProgressInfo.m */; };
		1A758FBA0EB10818004D6FE0 /* NSImage+GTImageConversion.m in Sources */ = {isa = PBXBuildFile; fileRef = 1A758FB90EB10818004D6FE0 /* NSImage+GTImageConversion.m */; };
		713D55AD0EAE065D00546CEC /* exportOptions.m in Sources */ = {isa = PBXBuildFile; fileRef = 713D55AC0EAE065D00546CEC /* exportOptions.m */; };
		7140F7490E8A551E00A56BB7 /* TaskWrapper.m in Sources */ = {isa = PBXBuildFile; fileRef = 7140F7460E8A551E00A56BB7 /* TaskWrapper.m */; };
		7140F74A0E8A551E00A56BB7 /* enfuseController.m in Sources */ = {isa = PBXBuildFile; fileRef = 7140F7470E8A551E00A56BB7 /* enfuseController.m */; };
		71955B680E8A9D4F008CC333 /* Remove.tiff in Resources */ = {isa = PBXBuildFile; fileRef = 71955B660E8A9D4F008CC333 /* Remove.tiff */; };
		71955B690E8A9D4F008CC333 /* Add.tiff in Resources */ = {isa = PBXBuildFile; fileRef = 71955B670E8A9D4F008CC333 /* Add.tiff */; };
		71B7F84E0E8D005C00E0A1BF /* DBPrefsWindowController.m in Sources */ = {isa = PBXBuildFile; fileRef = 71B7F84A0E8D005C00E0A1BF /* DBPrefsWindowController.m */; };
		71B7F84F0E8D005C00E0A1BF /* MyPrefsWindowController.m in Sources */ = {isa = PBXBuildFile; fileRef = 71B7F84D0E8D005C00E0A1BF /* MyPrefsWindowController.m */; };
		71B7F8660E8D01F400E0A1BF /* Preferences.nib in Resources */ = {isa = PBXBuildFile; fileRef = 71B7F8640E8D01F400E0A1BF /* Preferences.nib */; };
		71B7F8730E8D024F00E0A1BF /* update.tiff in Resources */ = {isa = PBXBuildFile; fileRef = 71B7F8720E8D024F00E0A1BF /* update.tiff */; };
		71B7F8750E8D026C00E0A1BF /* general.png in Resources */ = {isa = PBXBuildFile; fileRef = 71B7F8740E8D026C00E0A1BF /* general.png */; };
		71F3D5E50EADBF6F007EFED9 /* alignStackTask.m in Sources */ = {isa = PBXBuildFile; fileRef = 71F3D5E00EADBF6F007EFED9 /* alignStackTask.m */; };
		71F3D5E60EADBF6F007EFED9 /* CTProgressBadge.m in Sources */ = {isa = PBXBuildFile; fileRef = 71F3D5E20EADBF6F007EFED9 /* CTProgressBadge.m */; };
		71F3D5E70EADBF6F007EFED9 /* enfuseTask.m in Sources */ = {isa = PBXBuildFile; fileRef = 71F3D5E40EADBF6F007EFED9 /* enfuseTask.m */; };
		71F501580EADF04100CB129D /* ExportOptionsController.m in Sources */ = {isa = PBXBuildFile; fileRef = 71F501570EADF04100CB129D /* ExportOptionsController.m */; };
		71F5015D0EADF1FB00CB129D /* ExportOptions.nib in Resources */ = {isa = PBXBuildFile; fileRef = 71F5015B0EADF1FB00CB129D /* ExportOptions.nib */; };
		8D11072A0486CEB800E47090 /* MainMenu.nib in Resources */ = {isa = PBXBuildFile; fileRef = 29B97318FDCFA39411CA2CEA /* MainMenu.nib */; };
		8D11072B0486CEB800E47090 /* InfoPlist.strings in Resources */ = {isa = PBXBuildFile; fileRef = 089C165CFE840E0CC02AAC07 /* InfoPlist.strings */; };
		8D11072D0486CEB800E47090 /* main.m in Sources */ = {isa = PBXBuildFile; fileRef = 29B97316FDCFA39411CA2CEA /* main.m */; settings = {ATTRIBUTES = (); }; };
		8D11072F0486CEB800E47090 /* Cocoa.framework in Frameworks */ = {isa = PBXBuildFile; fileRef = 1058C7A1FEA54F0111CA2CBB /* Cocoa.framework */; };
/* End PBXBuildFile section */

/* Begin PBXFileReference section */
		089C165DFE840E0CC02AAC07 /* English */ = {isa = PBXFileReference; fileEncoding = 10; lastKnownFileType = text.plist.strings; name = English; path = English.lproj/InfoPlist.strings; sourceTree = "<group>"; };
		1058C7A1FEA54F0111CA2CBB /* Cocoa.framework */ = {isa = PBXFileReference; lastKnownFileType = wrapper.framework; name = Cocoa.framework; path = /System/Library/Frameworks/Cocoa.framework; sourceTree = "<absolute>"; };
		13E42FB307B3F0F600E4EEF1 /* CoreData.framework */ = {isa = PBXFileReference; lastKnownFileType = wrapper.framework; name = CoreData.framework; path = /System/Library/Frameworks/CoreData.framework; sourceTree = "<absolute>"; };
		1A758F900EB10643004D6FE0 /* TaskProgressInfo.h */ = {isa = PBXFileReference; fileEncoding = 30; lastKnownFileType = sourcecode.c.h; path = TaskProgressInfo.h; sourceTree = "<group>"; };
		1A758F910EB10643004D6FE0 /* TaskProgressInfo.m */ = {isa = PBXFileReference; fileEncoding = 30; lastKnownFileType = sourcecode.c.objc; path = TaskProgressInfo.m; sourceTree = "<group>"; };
		1A758F940EB1066C004D6FE0 /* enfuse */ = {isa = PBXFileReference; lastKnownFileType = "compiled.mach-o.executable"; path = enfuse; sourceTree = "<group>"; };
		1A758F960EB106C7004D6FE0 /* align_image_stack */ = {isa = PBXFileReference; lastKnownFileType = "compiled.mach-o.executable"; path = align_image_stack; sourceTree = "<group>"; };
		1A758FB80EB10818004D6FE0 /* NSImage+GTImageConversion.h */ = {isa = PBXFileReference; fileEncoding = 30; lastKnownFileType = sourcecode.c.h; path = "NSImage+GTImageConversion.h"; sourceTree = "<group>"; };
		1A758FB90EB10818004D6FE0 /* NSImage+GTImageConversion.m */ = {isa = PBXFileReference; fileEncoding = 30; lastKnownFileType = sourcecode.c.objc; path = "NSImage+GTImageConversion.m"; sourceTree = "<group>"; };
		29B97316FDCFA39411CA2CEA /* main.m */ = {isa = PBXFileReference; fileEncoding = 4; lastKnownFileType = sourcecode.c.objc; path = main.m; sourceTree = "<group>"; };
		29B97319FDCFA39411CA2CEA /* English */ = {isa = PBXFileReference; lastKnownFileType = wrapper.nib; name = English; path = English.lproj/MainMenu.nib; sourceTree = "<group>"; };
		29B97324FDCFA39411CA2CEA /* AppKit.framework */ = {isa = PBXFileReference; lastKnownFileType = wrapper.framework; name = AppKit.framework; path = /System/Library/Frameworks/AppKit.framework; sourceTree = "<absolute>"; };
		29B97325FDCFA39411CA2CEA /* Foundation.framework */ = {isa = PBXFileReference; lastKnownFileType = wrapper.framework; name = Foundation.framework; path = /System/Library/Frameworks/Foundation.framework; sourceTree = "<absolute>"; };
		32CA4F630368D1EE00C91783 /* enfuseGUI_Prefix.pch */ = {isa = PBXFileReference; fileEncoding = 4; lastKnownFileType = sourcecode.c.h; path = enfuseGUI_Prefix.pch; sourceTree = "<group>"; };
		713D55AB0EAE065D00546CEC /* exportOptions.h */ = {isa = PBXFileReference; fileEncoding = 4; lastKnownFileType = sourcecode.c.h; path = exportOptions.h; sourceTree = "<group>"; };
		713D55AC0EAE065D00546CEC /* exportOptions.m */ = {isa = PBXFileReference; fileEncoding = 4; lastKnownFileType = sourcecode.c.objc; path = exportOptions.m; sourceTree = "<group>"; };
		7140F7450E8A551E00A56BB7 /* TaskWrapper.h */ = {isa = PBXFileReference; fileEncoding = 30; lastKnownFileType = sourcecode.c.h; path = TaskWrapper.h; sourceTree = "<group>"; };
		7140F7460E8A551E00A56BB7 /* TaskWrapper.m */ = {isa = PBXFileReference; fileEncoding = 30; lastKnownFileType = sourcecode.c.objc; path = TaskWrapper.m; sourceTree = "<group>"; };
		7140F7470E8A551E00A56BB7 /* enfuseController.m */ = {isa = PBXFileReference; fileEncoding = 30; lastKnownFileType = sourcecode.c.objc; path = enfuseController.m; sourceTree = "<group>"; };
		7140F7480E8A551E00A56BB7 /* enfuseController.h */ = {isa = PBXFileReference; fileEncoding = 30; lastKnownFileType = sourcecode.c.h; path = enfuseController.h; sourceTree = "<group>"; };
		71955B660E8A9D4F008CC333 /* Remove.tiff */ = {isa = PBXFileReference; lastKnownFileType = image.tiff; path = Remove.tiff; sourceTree = "<group>"; };
		71955B670E8A9D4F008CC333 /* Add.tiff */ = {isa = PBXFileReference; lastKnownFileType = image.tiff; path = Add.tiff; sourceTree = "<group>"; };
		71B7F84A0E8D005C00E0A1BF /* DBPrefsWindowController.m */ = {isa = PBXFileReference; fileEncoding = 30; lastKnownFileType = sourcecode.c.objc; path = DBPrefsWindowController.m; sourceTree = "<group>"; };
		71B7F84B0E8D005C00E0A1BF /* DBPrefsWindowController.h */ = {isa = PBXFileReference; fileEncoding = 30; lastKnownFileType = sourcecode.c.h; path = DBPrefsWindowController.h; sourceTree = "<group>"; };
		71B7F84C0E8D005C00E0A1BF /* MyPrefsWindowController.h */ = {isa = PBXFileReference; fileEncoding = 30; lastKnownFileType = sourcecode.c.h; path = MyPrefsWindowController.h; sourceTree = "<group>"; };
		71B7F84D0E8D005C00E0A1BF /* MyPrefsWindowController.m */ = {isa = PBXFileReference; fileEncoding = 30; lastKnownFileType = sourcecode.c.objc; path = MyPrefsWindowController.m; sourceTree = "<group>"; };
		71B7F8650E8D01F400E0A1BF /* English */ = {isa = PBXFileReference; lastKnownFileType = wrapper.nib; name = English; path = English.lproj/Preferences.nib; sourceTree = "<group>"; };
		71B7F8720E8D024F00E0A1BF /* update.tiff */ = {isa = PBXFileReference; lastKnownFileType = image.tiff; name = update.tiff; path = ../ImagePrinter/update.tiff; sourceTree = SOURCE_ROOT; };
		71B7F8740E8D026C00E0A1BF /* general.png */ = {isa = PBXFileReference; lastKnownFileType = image.png; path = general.png; sourceTree = "<group>"; };
		71F3D5DF0EADBF6F007EFED9 /* alignStackTask.h */ = {isa = PBXFileReference; fileEncoding = 30; lastKnownFileType = sourcecode.c.h; path = alignStackTask.h; sourceTree = "<group>"; };
		71F3D5E00EADBF6F007EFED9 /* alignStackTask.m */ = {isa = PBXFileReference; fileEncoding = 30; lastKnownFileType = sourcecode.c.objc; path = alignStackTask.m; sourceTree = "<group>"; };
		71F3D5E10EADBF6F007EFED9 /* CTProgressBadge.h */ = {isa = PBXFileReference; fileEncoding = 30; lastKnownFileType = sourcecode.c.h; path = CTProgressBadge.h; sourceTree = "<group>"; };
		71F3D5E20EADBF6F007EFED9 /* CTProgressBadge.m */ = {isa = PBXFileReference; fileEncoding = 30; lastKnownFileType = sourcecode.c.objc; path = CTProgressBadge.m; sourceTree = "<group>"; };
		71F3D5E30EADBF6F007EFED9 /* enfuseTask.h */ = {isa = PBXFileReference; fileEncoding = 30; lastKnownFileType = sourcecode.c.h; path = enfuseTask.h; sourceTree = "<group>"; };
		71F3D5E40EADBF6F007EFED9 /* enfuseTask.m */ = {isa = PBXFileReference; fileEncoding = 30; lastKnownFileType = sourcecode.c.objc; path = enfuseTask.m; sourceTree = "<group>"; };
		71F501560EADF04100CB129D /* ExportOptionsController.h */ = {isa = PBXFileReference; fileEncoding = 30; lastKnownFileType = sourcecode.c.h; path = ExportOptionsController.h; sourceTree = "<group>"; };
		71F501570EADF04100CB129D /* ExportOptionsController.m */ = {isa = PBXFileReference; fileEncoding = 30; lastKnownFileType = sourcecode.c.objc; path = ExportOptionsController.m; sourceTree = "<group>"; };
		71F5015C0EADF1FB00CB129D /* English */ = {isa = PBXFileReference; lastKnownFileType = wrapper.nib; name = English; path = English.lproj/ExportOptions.nib; sourceTree = "<group>"; };
		8D1107310486CEB800E47090 /* Info.plist */ = {isa = PBXFileReference; fileEncoding = 4; lastKnownFileType = text.plist; path = Info.plist; sourceTree = "<group>"; };
		8D1107320486CEB800E47090 /* enfuseGUI.app */ = {isa = PBXFileReference; explicitFileType = wrapper.application; includeInIndex = 0; path = enfuseGUI.app; sourceTree = BUILT_PRODUCTS_DIR; };
/* End PBXFileReference section */

/* Begin PBXFrameworksBuildPhase section */
		8D11072E0486CEB800E47090 /* Frameworks */ = {
			isa = PBXFrameworksBuildPhase;
			buildActionMask = 2147483647;
			files = (
				8D11072F0486CEB800E47090 /* Cocoa.framework in Frameworks */,
			);
			runOnlyForDeploymentPostprocessing = 0;
		};
/* End PBXFrameworksBuildPhase section */

/* Begin PBXGroup section */
		080E96DDFE201D6D7F000001 /* Classes */ = {
			isa = PBXGroup;
			children = (
				71F3D5DF0EADBF6F007EFED9 /* alignStackTask.h */,
				71F3D5E00EADBF6F007EFED9 /* alignStackTask.m */,
				71F3D5E10EADBF6F007EFED9 /* CTProgressBadge.h */,
				71F3D5E20EADBF6F007EFED9 /* CTProgressBadge.m */,
				71F3D5E30EADBF6F007EFED9 /* enfuseTask.h */,
				71F3D5E40EADBF6F007EFED9 /* enfuseTask.m */,
				7140F7450E8A551E00A56BB7 /* TaskWrapper.h */,
				7140F7460E8A551E00A56BB7 /* TaskWrapper.m */,
				7140F7470E8A551E00A56BB7 /* enfuseController.m */,
				7140F7480E8A551E00A56BB7 /* enfuseController.h */,
				71B7F84A0E8D005C00E0A1BF /* DBPrefsWindowController.m */,
				71B7F84B0E8D005C00E0A1BF /* DBPrefsWindowController.h */,
				71B7F84C0E8D005C00E0A1BF /* MyPrefsWindowController.h */,
				71B7F84D0E8D005C00E0A1BF /* MyPrefsWindowController.m */,
				71F501560EADF04100CB129D /* ExportOptionsController.h */,
				71F501570EADF04100CB129D /* ExportOptionsController.m */,
				713D55AB0EAE065D00546CEC /* exportOptions.h */,
				713D55AC0EAE065D00546CEC /* exportOptions.m */,
				1A758F900EB10643004D6FE0 /* TaskProgressInfo.h */,
				1A758F910EB10643004D6FE0 /* TaskProgressInfo.m */,
				1A758FB80EB10818004D6FE0 /* NSImage+GTImageConversion.h */,
				1A758FB90EB10818004D6FE0 /* NSImage+GTImageConversion.m */,
			);
			name = Classes;
			sourceTree = "<group>";
		};
		1058C7A0FEA54F0111CA2CBB /* Linked Frameworks */ = {
			isa = PBXGroup;
			children = (
				1058C7A1FEA54F0111CA2CBB /* Cocoa.framework */,
			);
			name = "Linked Frameworks";
			sourceTree = "<group>";
		};
		1058C7A2FEA54F0111CA2CBB /* Other Frameworks */ = {
			isa = PBXGroup;
			children = (
				29B97324FDCFA39411CA2CEA /* AppKit.framework */,
				13E42FB307B3F0F600E4EEF1 /* CoreData.framework */,
				29B97325FDCFA39411CA2CEA /* Foundation.framework */,
			);
			name = "Other Frameworks";
			sourceTree = "<group>";
		};
		19C28FACFE9D520D11CA2CBB /* Products */ = {
			isa = PBXGroup;
			children = (
				1A758F960EB106C7004D6FE0 /* align_image_stack */,
				1A758F940EB1066C004D6FE0 /* enfuse */,
				8D1107320486CEB800E47090 /* enfuseGUI.app */,
			);
			name = Products;
			sourceTree = "<group>";
		};
		29B97314FDCFA39411CA2CEA /* enfuseGUI */ = {
			isa = PBXGroup;
			children = (
				080E96DDFE201D6D7F000001 /* Classes */,
				29B97315FDCFA39411CA2CEA /* Other Sources */,
				29B97317FDCFA39411CA2CEA /* Resources */,
				29B97323FDCFA39411CA2CEA /* Frameworks */,
				19C28FACFE9D520D11CA2CBB /* Products */,
			);
			name = enfuseGUI;
			sourceTree = "<group>";
		};
		29B97315FDCFA39411CA2CEA /* Other Sources */ = {
			isa = PBXGroup;
			children = (
				32CA4F630368D1EE00C91783 /* enfuseGUI_Prefix.pch */,
				29B97316FDCFA39411CA2CEA /* main.m */,
			);
			name = "Other Sources";
			sourceTree = "<group>";
		};
		29B97317FDCFA39411CA2CEA /* Resources */ = {
			isa = PBXGroup;
			children = (
				71B7F8640E8D01F400E0A1BF /* Preferences.nib */,
				71786E520E8A96B700AAC519 /* images */,
				8D1107310486CEB800E47090 /* Info.plist */,
				089C165CFE840E0CC02AAC07 /* InfoPlist.strings */,
				29B97318FDCFA39411CA2CEA /* MainMenu.nib */,
				71F5015B0EADF1FB00CB129D /* ExportOptions.nib */,
			);
			name = Resources;
			sourceTree = "<group>";
		};
		29B97323FDCFA39411CA2CEA /* Frameworks */ = {
			isa = PBXGroup;
			children = (
				1058C7A0FEA54F0111CA2CBB /* Linked Frameworks */,
				1058C7A2FEA54F0111CA2CBB /* Other Frameworks */,
			);
			name = Frameworks;
			sourceTree = "<group>";
		};
		71786E520E8A96B700AAC519 /* images */ = {
			isa = PBXGroup;
			children = (
				71B7F8740E8D026C00E0A1BF /* general.png */,
				71B7F8720E8D024F00E0A1BF /* update.tiff */,
				71955B660E8A9D4F008CC333 /* Remove.tiff */,
				71955B670E8A9D4F008CC333 /* Add.tiff */,
			);
			name = images;
			sourceTree = "<group>";
		};
/* End PBXGroup section */

/* Begin PBXNativeTarget section */
		8D1107260486CEB800E47090 /* enfuseGUI */ = {
			isa = PBXNativeTarget;
			buildConfigurationList = C01FCF4A08A954540054247B /* Build configuration list for PBXNativeTarget "enfuseGUI" */;
			buildPhases = (
				8D1107290486CEB800E47090 /* Resources */,
				8D11072C0486CEB800E47090 /* Sources */,
				8D11072E0486CEB800E47090 /* Frameworks */,
			);
			buildRules = (
			);
			dependencies = (
			);
			name = enfuseGUI;
			productInstallPath = "$(HOME)/Applications";
			productName = enfuseGUI;
			productReference = 8D1107320486CEB800E47090 /* enfuseGUI.app */;
			productType = "com.apple.product-type.application";
		};
/* End PBXNativeTarget section */

/* Begin PBXProject section */
		29B97313FDCFA39411CA2CEA /* Project object */ = {
			isa = PBXProject;
			buildConfigurationList = C01FCF4E08A954540054247B /* Build configuration list for PBXProject "enfuseGUI" */;
			hasScannedForEncodings = 1;
			mainGroup = 29B97314FDCFA39411CA2CEA /* enfuseGUI */;
			projectDirPath = "";
			targets = (
				8D1107260486CEB800E47090 /* enfuseGUI */,
			);
		};
/* End PBXProject section */

/* Begin PBXResourcesBuildPhase section */
		8D1107290486CEB800E47090 /* Resources */ = {
			isa = PBXResourcesBuildPhase;
			buildActionMask = 2147483647;
			files = (
				8D11072A0486CEB800E47090 /* MainMenu.nib in Resources */,
				8D11072B0486CEB800E47090 /* InfoPlist.strings in Resources */,
				71955B680E8A9D4F008CC333 /* Remove.tiff in Resources */,
				71955B690E8A9D4F008CC333 /* Add.tiff in Resources */,
				71B7F8660E8D01F400E0A1BF /* Preferences.nib in Resources */,
				71B7F8730E8D024F00E0A1BF /* update.tiff in Resources */,
				71B7F8750E8D026C00E0A1BF /* general.png in Resources */,
				71F5015D0EADF1FB00CB129D /* ExportOptions.nib in Resources */,
			);
			runOnlyForDeploymentPostprocessing = 0;
		};
/* End PBXResourcesBuildPhase section */

/* Begin PBXSourcesBuildPhase section */
		8D11072C0486CEB800E47090 /* Sources */ = {
			isa = PBXSourcesBuildPhase;
			buildActionMask = 2147483647;
			files = (
				8D11072D0486CEB800E47090 /* main.m in Sources */,
				7140F7490E8A551E00A56BB7 /* TaskWrapper.m in Sources */,
				7140F74A0E8A551E00A56BB7 /* enfuseController.m in Sources */,
				71B7F84E0E8D005C00E0A1BF /* DBPrefsWindowController.m in Sources */,
				71B7F84F0E8D005C00E0A1BF /* MyPrefsWindowController.m in Sources */,
				71F3D5E50EADBF6F007EFED9 /* alignStackTask.m in Sources */,
				71F3D5E60EADBF6F007EFED9 /* CTProgressBadge.m in Sources */,
				71F3D5E70EADBF6F007EFED9 /* enfuseTask.m in Sources */,
				71F501580EADF04100CB129D /* ExportOptionsController.m in Sources */,
				713D55AD0EAE065D00546CEC /* exportOptions.m in Sources */,
				1A758F920EB10643004D6FE0 /* TaskProgressInfo.m in Sources */,
				1A758FBA0EB10818004D6FE0 /* NSImage+GTImageConversion.m in Sources */,
			);
			runOnlyForDeploymentPostprocessing = 0;
		};
/* End PBXSourcesBuildPhase section */

/* Begin PBXVariantGroup section */
		089C165CFE840E0CC02AAC07 /* InfoPlist.strings */ = {
			isa = PBXVariantGroup;
			children = (
				089C165DFE840E0CC02AAC07 /* English */,
			);
			name = InfoPlist.strings;
			sourceTree = "<group>";
		};
		29B97318FDCFA39411CA2CEA /* MainMenu.nib */ = {
			isa = PBXVariantGroup;
			children = (
				29B97319FDCFA39411CA2CEA /* English */,
			);
			name = MainMenu.nib;
			sourceTree = "<group>";
		};
		71B7F8640E8D01F400E0A1BF /* Preferences.nib */ = {
			isa = PBXVariantGroup;
			children = (
				71B7F8650E8D01F400E0A1BF /* English */,
			);
			name = Preferences.nib;
			sourceTree = "<group>";
		};
		71F5015B0EADF1FB00CB129D /* ExportOptions.nib */ = {
			isa = PBXVariantGroup;
			children = (
				71F5015C0EADF1FB00CB129D /* English */,
			);
			name = ExportOptions.nib;
			sourceTree = "<group>";
		};
/* End PBXVariantGroup section */

/* Begin XCBuildConfiguration section */
		C01FCF4B08A954540054247B /* Debug */ = {
			isa = XCBuildConfiguration;
			buildSettings = {
				COPY_PHASE_STRIP = NO;
				GCC_DYNAMIC_NO_PIC = NO;
				GCC_ENABLE_FIX_AND_CONTINUE = YES;
				GCC_MODEL_TUNING = G5;
				GCC_OPTIMIZATION_LEVEL = 0;
				INFOPLIST_FILE = Info.plist;
				INSTALL_PATH = "$(HOME)/Applications";
				PRODUCT_NAME = enfuseGUI;
				WRAPPER_EXTENSION = app;
				ZERO_LINK = YES;
			};
			name = Debug;
		};
		C01FCF4C08A954540054247B /* Release */ = {
			isa = XCBuildConfiguration;
			buildSettings = {
				ARCHS = (
					ppc,
					i386,
				);
				GCC_GENERATE_DEBUGGING_SYMBOLS = NO;
				GCC_MODEL_TUNING = G5;
				INFOPLIST_FILE = Info.plist;
				INSTALL_PATH = "$(HOME)/Applications";
				PRODUCT_NAME = enfuseGUI;
				WRAPPER_EXTENSION = app;
			};
			name = Release;
		};
		C01FCF4F08A954540054247B /* Debug */ = {
			isa = XCBuildConfiguration;
			buildSettings = {
				GCC_ENABLE_OBJC_EXCEPTIONS = YES;
				GCC_WARN_ABOUT_RETURN_TYPE = YES;
				GCC_WARN_UNUSED_VARIABLE = YES;
				PREBINDING = NO;
				SDKROOT = /Developer/SDKs/MacOSX10.4u.sdk;
			};
			name = Debug;
		};
		C01FCF5008A954540054247B /* Release */ = {
			isa = XCBuildConfiguration;
			buildSettings = {
				GCC_ENABLE_OBJC_EXCEPTIONS = YES;
				GCC_WARN_ABOUT_RETURN_TYPE = YES;
				GCC_WARN_UNUSED_VARIABLE = YES;
				PREBINDING = NO;
				SDKROOT = /Developer/SDKs/MacOSX10.4u.sdk;
			};
			name = Release;
		};
/* End XCBuildConfiguration section */

/* Begin XCConfigurationList section */
		C01FCF4A08A954540054247B /* Build configuration list for PBXNativeTarget "enfuseGUI" */ = {
			isa = XCConfigurationList;
			buildConfigurations = (
				C01FCF4B08A954540054247B /* Debug */,
				C01FCF4C08A954540054247B /* Release */,
			);
			defaultConfigurationIsVisible = 0;
			defaultConfigurationName = Release;
		};
		C01FCF4E08A954540054247B /* Build configuration list for PBXProject "enfuseGUI" */ = {
			isa = XCConfigurationList;
			buildConfigurations = (
				C01FCF4F08A954540054247B /* Debug */,
				C01FCF5008A954540054247B /* Release */,
			);
			defaultConfigurationIsVisible = 0;
			defaultConfigurationName = Release;
		};
/* End XCConfigurationList section */
	};
	rootObject = 29B97313FDCFA39411CA2CEA /* Project object */;
}
